
Microsoft Visual Studio Solution File, Format Version 12.00
# Visual Studio Version 17
VisualStudioVersion = 17.11.35327.3
MinimumVisualStudioVersion = 10.0.40219.1
Project("{9A19103F-16F7-4668-BE54-9A1E7A4F7556}") = "RabbitMQClient.console", "RabbitMQClient.console.csproj", "{1326DFB2-0D12-43FC-9AC0-B3AD0CA50CAE}"
EndProject
Project("{2150E333-8FDC-42A3-9474-1A3956D46DE8}") = "RabbitMQClient", "RabbitMQClient", "{3A003228-2325-4329-B0A6-FBBB4F44C93B}"
EndProject
Project("{2150E333-8FDC-42A3-9474-1A3956D46DE8}") = "Compartilhado", "Compartilhado", "{9B44BF54-3B86-453B-80E0-22E2A130EECD}"
EndProject
Project("{2150E333-8FDC-42A3-9474-1A3956D46DE8}") = "EasyNetQ", "EasyNetQ", "{B3797591-B8FE-4518-ADE8-80D61F0BCE50}"
EndProject
Project("{9A19103F-16F7-4668-BE54-9A1E7A4F7556}") = "EasyNetQ.Console", "..\EasyNetQ.Console\EasyNetQ.Console.csproj", "{91A91244-CC98-4377-9EAC-AA4A89D28B13}"
EndProject
Project("{2150E333-8FDC-42A3-9474-1A3956D46DE8}") = "EasyNetQPS", "EasyNetQPS", "{521A4863-E6A7-4546-8CFF-975503AF70FA}"
EndProject
Project("{FAE04EC0-301F-11D3-BF4B-00C04F79EFBC}") = "EasyNetQ.Publish.API", "EasyNetQ.Publish.API\EasyNetQ.Publish.API.csproj", "{E4FC326C-B83E-479D-B5D6-4EAE0D5A9515}"
EndProject
Global
	GlobalSection(SolutionConfigurationPlatforms) = preSolution
		Debug|Any CPU = Debug|Any CPU
		Release|Any CPU = Release|Any CPU
	EndGlobalSection
	GlobalSection(ProjectConfigurationPlatforms) = postSolution
		{1326DFB2-0D12-43FC-9AC0-B3AD0CA50CAE}.Debug|Any CPU.ActiveCfg = Debug|Any CPU
		{1326DFB2-0D12-43FC-9AC0-B3AD0CA50CAE}.Debug|Any CPU.Build.0 = Debug|Any CPU
		{1326DFB2-0D12-43FC-9AC0-B3AD0CA50CAE}.Release|Any CPU.ActiveCfg = Release|Any CPU
		{1326DFB2-0D12-43FC-9AC0-B3AD0CA50CAE}.Release|Any CPU.Build.0 = Release|Any CPU
		{91A91244-CC98-4377-9EAC-AA4A89D28B13}.Debug|Any CPU.ActiveCfg = Debug|Any CPU
		{91A91244-CC98-4377-9EAC-AA4A89D28B13}.Debug|Any CPU.Build.0 = Debug|Any CPU
		{91A91244-CC98-4377-9EAC-AA4A89D28B13}.Release|Any CPU.ActiveCfg = Release|Any CPU
		{91A91244-CC98-4377-9EAC-AA4A89D28B13}.Release|Any CPU.Build.0 = Release|Any CPU
		{E4FC326C-B83E-479D-B5D6-4EAE0D5A9515}.Debug|Any CPU.ActiveCfg = Debug|Any CPU
		{E4FC326C-B83E-479D-B5D6-4EAE0D5A9515}.Debug|Any CPU.Build.0 = Debug|Any CPU
		{E4FC326C-B83E-479D-B5D6-4EAE0D5A9515}.Release|Any CPU.ActiveCfg = Release|Any CPU
		{E4FC326C-B83E-479D-B5D6-4EAE0D5A9515}.Release|Any CPU.Build.0 = Release|Any CPU
	EndGlobalSection
	GlobalSection(SolutionProperties) = preSolution
		HideSolutionNode = FALSE
	EndGlobalSection
	GlobalSection(NestedProjects) = preSolution
		{1326DFB2-0D12-43FC-9AC0-B3AD0CA50CAE} = {3A003228-2325-4329-B0A6-FBBB4F44C93B}
		{91A91244-CC98-4377-9EAC-AA4A89D28B13} = {B3797591-B8FE-4518-ADE8-80D61F0BCE50}
		{E4FC326C-B83E-479D-B5D6-4EAE0D5A9515} = {521A4863-E6A7-4546-8CFF-975503AF70FA}
	EndGlobalSection
	GlobalSection(ExtensibilityGlobals) = postSolution
		SolutionGuid = {BF0C04FD-33F0-4F94-B217-305BF41B8023}
	EndGlobalSection
EndGlobal
